
Microsoft Visual Studio Solution File, Format Version 12.00
# Visual Studio 15
VisualStudioVersion = 15.0.28307.1433
MinimumVisualStudioVersion = 10.0.40219.1
Project("{FAE04EC0-301F-11D3-BF4B-00C04F79EFBC}") = "01Празна касова бележка", "Празна касова бележка\01Празна касова бележка.csproj", "{49E17B11-6563-4CD1-BAEA-319D3170E3EC}"
EndProject
Project("{FAE04EC0-301F-11D3-BF4B-00C04F79EFBC}") = "02Знак на цяло число", "02Знак на цяло число\02Знак на цяло число.csproj", "{783C2AA6-0E02-4241-8DB5-6D1F06B4EEA5}"
EndProject
Global
	GlobalSection(SolutionConfigurationPlatforms) = preSolution
		Debug|Any CPU = Debug|Any CPU
		Release|Any CPU = Release|Any CPU
	EndGlobalSection
	GlobalSection(ProjectConfigurationPlatforms) = postSolution
		{49E17B11-6563-4CD1-BAEA-319D3170E3EC}.Debug|Any CPU.ActiveCfg = Debug|Any CPU
		{49E17B11-6563-4CD1-BAEA-319D3170E3EC}.Debug|Any CPU.Build.0 = Debug|Any CPU
		{49E17B11-6563-4CD1-BAEA-319D3170E3EC}.Release|Any CPU.ActiveCfg = Release|Any CPU
		{49E17B11-6563-4CD1-BAEA-319D3170E3EC}.Release|Any CPU.Build.0 = Release|Any CPU
		{783C2AA6-0E02-4241-8DB5-6D1F06B4EEA5}.Debug|Any CPU.ActiveCfg = Debug|Any CPU
		{783C2AA6-0E02-4241-8DB5-6D1F06B4EEA5}.Debug|Any CPU.Build.0 = Debug|Any CPU
		{783C2AA6-0E02-4241-8DB5-6D1F06B4EEA5}.Release|Any CPU.ActiveCfg = Release|Any CPU
		{783C2AA6-0E02-4241-8DB5-6D1F06B4EEA5}.Release|Any CPU.Build.0 = Release|Any CPU
	EndGlobalSection
	GlobalSection(SolutionProperties) = preSolution
		HideSolutionNode = FALSE
	EndGlobalSection
	GlobalSection(ExtensibilityGlobals) = postSolution
		SolutionGuid = {CFD679FC-D985-4645-BFBE-AA9B839E4FA1}
	EndGlobalSection
EndGlobal
