
Microsoft Visual Studio Solution File, Format Version 12.00
# Visual Studio Version 16
VisualStudioVersion = 16.0.31129.286
MinimumVisualStudioVersion = 10.0.40219.1
Project("{9A19103F-16F7-4668-BE54-9A1E7A4F7556}") = "1Статистика на масив", "1Статистика на масив\1Статистика на масив.csproj", "{311772DC-D29B-4792-A245-39A90C341812}"
EndProject
Project("{9A19103F-16F7-4668-BE54-9A1E7A4F7556}") = "2Най-често срещано число", "2Най-често срещано число\2Най-често срещано число.csproj", "{D7CDC087-EFBB-47E3-A9CD-52B21F384FC3}"
EndProject
Project("{FAE04EC0-301F-11D3-BF4B-00C04F79EFBC}") = "3Индекс на буква", "3Индекс на буква\3Индекс на буква.csproj", "{F10E1BB6-77DA-4BD8-B393-B7C96BDF257A}"
EndProject
Project("{FAE04EC0-301F-11D3-BF4B-00C04F79EFBC}") = "4Преобразуване на масив в число", "4Преобразуване на масив в число\4Преобразуване на масив в число.csproj", "{5FB2FDF4-414B-4CBA-86C4-6576AEA371F8}"
EndProject
Project("{FAE04EC0-301F-11D3-BF4B-00C04F79EFBC}") = "5Обръщане на елементите", "5Обръщане на елементите\5Обръщане на елементите.csproj", "{02A92325-1DB3-46B1-B2AB-D9A2F4250A64}"
EndProject
Project("{FAE04EC0-301F-11D3-BF4B-00C04F79EFBC}") = "6.Обръщане на масив от символни низове", "6.Обръщане на масив от символни низове\6.Обръщане на масив от символни низове.csproj", "{18196314-BB6B-4167-93A0-B9A5F4E2689C}"
EndProject
Project("{FAE04EC0-301F-11D3-BF4B-00C04F79EFBC}") = "7Завъртане и сумиране", "7Завъртане и сумиране\7Завъртане и сумиране.csproj", "{A4203BB8-1FFE-4C57-9E46-0E927BE82855}"
EndProject
Global
	GlobalSection(SolutionConfigurationPlatforms) = preSolution
		Debug|Any CPU = Debug|Any CPU
		Release|Any CPU = Release|Any CPU
	EndGlobalSection
	GlobalSection(ProjectConfigurationPlatforms) = postSolution
		{311772DC-D29B-4792-A245-39A90C341812}.Debug|Any CPU.ActiveCfg = Debug|Any CPU
		{311772DC-D29B-4792-A245-39A90C341812}.Debug|Any CPU.Build.0 = Debug|Any CPU
		{311772DC-D29B-4792-A245-39A90C341812}.Release|Any CPU.ActiveCfg = Release|Any CPU
		{311772DC-D29B-4792-A245-39A90C341812}.Release|Any CPU.Build.0 = Release|Any CPU
		{D7CDC087-EFBB-47E3-A9CD-52B21F384FC3}.Debug|Any CPU.ActiveCfg = Debug|Any CPU
		{D7CDC087-EFBB-47E3-A9CD-52B21F384FC3}.Debug|Any CPU.Build.0 = Debug|Any CPU
		{D7CDC087-EFBB-47E3-A9CD-52B21F384FC3}.Release|Any CPU.ActiveCfg = Release|Any CPU
		{D7CDC087-EFBB-47E3-A9CD-52B21F384FC3}.Release|Any CPU.Build.0 = Release|Any CPU
		{F10E1BB6-77DA-4BD8-B393-B7C96BDF257A}.Debug|Any CPU.ActiveCfg = Debug|Any CPU
		{F10E1BB6-77DA-4BD8-B393-B7C96BDF257A}.Debug|Any CPU.Build.0 = Debug|Any CPU
		{F10E1BB6-77DA-4BD8-B393-B7C96BDF257A}.Release|Any CPU.ActiveCfg = Release|Any CPU
		{F10E1BB6-77DA-4BD8-B393-B7C96BDF257A}.Release|Any CPU.Build.0 = Release|Any CPU
		{5FB2FDF4-414B-4CBA-86C4-6576AEA371F8}.Debug|Any CPU.ActiveCfg = Debug|Any CPU
		{5FB2FDF4-414B-4CBA-86C4-6576AEA371F8}.Debug|Any CPU.Build.0 = Debug|Any CPU
		{5FB2FDF4-414B-4CBA-86C4-6576AEA371F8}.Release|Any CPU.ActiveCfg = Release|Any CPU
		{5FB2FDF4-414B-4CBA-86C4-6576AEA371F8}.Release|Any CPU.Build.0 = Release|Any CPU
		{02A92325-1DB3-46B1-B2AB-D9A2F4250A64}.Debug|Any CPU.ActiveCfg = Debug|Any CPU
		{02A92325-1DB3-46B1-B2AB-D9A2F4250A64}.Debug|Any CPU.Build.0 = Debug|Any CPU
		{02A92325-1DB3-46B1-B2AB-D9A2F4250A64}.Release|Any CPU.ActiveCfg = Release|Any CPU
		{02A92325-1DB3-46B1-B2AB-D9A2F4250A64}.Release|Any CPU.Build.0 = Release|Any CPU
		{18196314-BB6B-4167-93A0-B9A5F4E2689C}.Debug|Any CPU.ActiveCfg = Debug|Any CPU
		{18196314-BB6B-4167-93A0-B9A5F4E2689C}.Debug|Any CPU.Build.0 = Debug|Any CPU
		{18196314-BB6B-4167-93A0-B9A5F4E2689C}.Release|Any CPU.ActiveCfg = Release|Any CPU
		{18196314-BB6B-4167-93A0-B9A5F4E2689C}.Release|Any CPU.Build.0 = Release|Any CPU
		{A4203BB8-1FFE-4C57-9E46-0E927BE82855}.Debug|Any CPU.ActiveCfg = Debug|Any CPU
		{A4203BB8-1FFE-4C57-9E46-0E927BE82855}.Debug|Any CPU.Build.0 = Debug|Any CPU
		{A4203BB8-1FFE-4C57-9E46-0E927BE82855}.Release|Any CPU.ActiveCfg = Release|Any CPU
		{A4203BB8-1FFE-4C57-9E46-0E927BE82855}.Release|Any CPU.Build.0 = Release|Any CPU
	EndGlobalSection
	GlobalSection(SolutionProperties) = preSolution
		HideSolutionNode = FALSE
	EndGlobalSection
	GlobalSection(ExtensibilityGlobals) = postSolution
		SolutionGuid = {02B20894-B84D-4201-978B-0C93D8B241A5}
	EndGlobalSection
EndGlobal
